
Microsoft Visual Studio Solution File, Format Version 12.00
# Visual Studio Version 18
VisualStudioVersion = 18.4.11612.150 stable
MinimumVisualStudioVersion = 10.0.40219.1
Project("{FAE04EC0-301F-11D3-BF4B-00C04F79EFBC}") = "Bookstore API", "Bookstore API\Bookstore API.csproj", "{31B12FA2-A0BB-4A23-811D-1477B7E24E30}"
EndProject
Project("{FAE04EC0-301F-11D3-BF4B-00C04F79EFBC}") = "Bookstore", "Bookstore\Bookstore.csproj", "{F52A12E1-4ABC-4C89-8999-A166BDE35409}"
EndProject
Global
	GlobalSection(SolutionConfigurationPlatforms) = preSolution
		Debug|Any CPU = Debug|Any CPU
		Release|Any CPU = Release|Any CPU
	EndGlobalSection
	GlobalSection(ProjectConfigurationPlatforms) = postSolution
		{31B12FA2-A0BB-4A23-811D-1477B7E24E30}.Debug|Any CPU.ActiveCfg = Debug|Any CPU
		{31B12FA2-A0BB-4A23-811D-1477B7E24E30}.Debug|Any CPU.Build.0 = Debug|Any CPU
		{31B12FA2-A0BB-4A23-811D-1477B7E24E30}.Release|Any CPU.ActiveCfg = Release|Any CPU
		{31B12FA2-A0BB-4A23-811D-1477B7E24E30}.Release|Any CPU.Build.0 = Release|Any CPU
		{F52A12E1-4ABC-4C89-8999-A166BDE35409}.Debug|Any CPU.ActiveCfg = Debug|Any CPU
		{F52A12E1-4ABC-4C89-8999-A166BDE35409}.Debug|Any CPU.Build.0 = Debug|Any CPU
		{F52A12E1-4ABC-4C89-8999-A166BDE35409}.Release|Any CPU.ActiveCfg = Release|Any CPU
		{F52A12E1-4ABC-4C89-8999-A166BDE35409}.Release|Any CPU.Build.0 = Release|Any CPU
	EndGlobalSection
	GlobalSection(SolutionProperties) = preSolution
		HideSolutionNode = FALSE
	EndGlobalSection
	GlobalSection(ExtensibilityGlobals) = postSolution
		SolutionGuid = {CF6E3663-DA20-4CE1-911F-E17CA94E4A11}
	EndGlobalSection
EndGlobal
